github.com/QodeSrl/gardbase/pkg/api v0.0.0-20260205224911-e4d439f74a82 h1:antQzzhnR7JNftbGjpXyZ0W2WFui3YOTDTrqbZ0TKgk=
github.com/QodeSrl/gardbase/pkg/api v0.0.0-20260205224911-e4d439f74a82/go.mod h1:f7N2K5Xmst0jHp2hAGjab8hdVWKqpQDbYXKXf6KRwEw=
github.com/QodeSrl/gardbase/pkg/api v0.0.1 h1:o3k3+Vf9A/2pPJcfbcaZ/wM6SGo5+KI3QDLI5E47vQw=
github.com/QodeSrl/gardbase/pkg/api v0.0.1/go.mod h1:f7N2K5Xmst0jHp2hAGjab8hdVWKqpQDbYXKXf6KRwEw=
github.com/QodeSrl/gardbase/pkg/api v0.0.4 h1:7C+bP4oCbsA6nJKiXNvHcaEiLILf1/aPoQnvQsa9edQ=
github.com/QodeSrl/gardbase/pkg/api v0.0.4/go.mod h1:f7N2K5Xmst0jHp2hAGjab8hdVWKqpQDbYXKXf6KRwEw=
github.com/QodeSrl/gardbase/pkg/api v0.0.5 h1:zG11vQEXfYpAtbceMWDfWjUlt0f1X2gtehTviXjYPuM=
github.com/QodeSrl/gardbase/pkg/api v0.0.5/go.mod h1:f7N2K5Xmst0jHp2hAGjab8hdVWKqpQDbYXKXf6KRwEw=
github.com/QodeSrl/gardbase/pkg/crypto v0.0.6/go.mod h1:hEPWgkBwceQAQEBxUHEAjbbW6PVCLupaZIe1nz0n+f4=
github.com/QodeSrl/gardbase/pkg/crypto v0.0.8 h1:e6+/6zOZToL8d+jb9Y+zwCxGDzU9/rmmS/BHfmixuJU=
github.com/QodeSrl/gardbase/pkg/crypto v0.0.8/go.mod h1:DnpxP+n+scCQeUdCBCgMNJMk/KQZ+KbrJ87jppKGbTA=
github.com/QodeSrl/gardbase/pkg/crypto v0.0.9 h1:Ej/UYJvKv8K8Kr41odz+50Vh4jRxfwBI/A/HL7BdQ4U=
github.com/QodeSrl/gardbase/pkg/crypto v0.0.9/go.mod h1:5oUGkgw92KFKktPxDYp2JZII5viNZ7IKuECdmw4UeH0=
github.com/QodeSrl/gardbase/pkg/enclaveproto v0.0.4 h1:w3V78FglgXc/GbFhA5H1FN8+68Am0dP8ybEBlq0CmEY=
github.com/QodeSrl/gardbase/pkg/enclaveproto v0.0.4/go.mod h1:274mRM3S6mIc1XtyL82Qr5IDGDcFW1jDIRL8gaPi1PI=
github.com/fxamacker/cbor/v2 v2.9.0 h1:NpKPmjDBgUfBms6tr6JZkTHtfFGcMKsw3eGcmD/sapM=
github.com/fxamacker/cbor/v2 v2.9.0/go.mod h1:vM4b+DJCtHn+zz7h3FFp/hDAI9WNWCsZj23V5ytsSxQ=
github.com/x448/float16 v0.8.4 h1:qLwI1I70+NjRFUR3zs1JPUCgaCXSh3SW62uAKT1mSBM=
github.com/x448/float16 v0.8.4/go.mod h1:14CWIYCyZA/cWjXOioeEpHeN/83MdbZDRQHoFcYsOfg=
golang.org/x/crypto v0.47.0 h1:V6e3FRj+n4dbpw86FJ8Fv7XVOql7TEwpHapKoMJ/GO8=
golang.org/x/crypto v0.47.0/go.mod h1:ff3Y9VzzKbwSSEzWqJsJVBnWmRwRSHt/6Op5n9bQc4A=
golang.org/x/sys v0.40.0 h1:DBZZqJ2Rkml6QMQsZywtnjnnGvHza6BTfYFWY9kjEWQ=
golang.org/x/sys v0.40.0/go.mod h1:OgkHotnGiDImocRcuBABYBEXf8A9a87e/uXjp9XT3ks=
