github.com/QodeSrl/gardbase/pkg/api v0.0.3 h1:drCRWpQ/4gnmu2qMVrcLP0k554SAnouNOi2tpPeGHmc=
github.com/QodeSrl/gardbase/pkg/api v0.0.3/go.mod h1:f7N2K5Xmst0jHp2hAGjab8hdVWKqpQDbYXKXf6KRwEw=
github.com/QodeSrl/gardbase/pkg/crypto v0.0.8 h1:e6+/6zOZToL8d+jb9Y+zwCxGDzU9/rmmS/BHfmixuJU=
github.com/QodeSrl/gardbase/pkg/crypto v0.0.8/go.mod h1:DnpxP+n+scCQeUdCBCgMNJMk/KQZ+KbrJ87jppKGbTA=
github.com/QodeSrl/gardbase/pkg/enclaveproto v0.0.4 h1:w3V78FglgXc/GbFhA5H1FN8+68Am0dP8ybEBlq0CmEY=
github.com/QodeSrl/gardbase/pkg/enclaveproto v0.0.4/go.mod h1:274mRM3S6mIc1XtyL82Qr5IDGDcFW1jDIRL8gaPi1PI=
github.com/fxamacker/cbor/v2 v2.9.0 h1:NpKPmjDBgUfBms6tr6JZkTHtfFGcMKsw3eGcmD/sapM=
github.com/fxamacker/cbor/v2 v2.9.0/go.mod h1:vM4b+DJCtHn+zz7h3FFp/hDAI9WNWCsZj23V5ytsSxQ=
github.com/x448/float16 v0.8.4 h1:qLwI1I70+NjRFUR3zs1JPUCgaCXSh3SW62uAKT1mSBM=
github.com/x448/float16 v0.8.4/go.mod h1:14CWIYCyZA/cWjXOioeEpHeN/83MdbZDRQHoFcYsOfg=
golang.org/x/crypto v0.47.0 h1:V6e3FRj+n4dbpw86FJ8Fv7XVOql7TEwpHapKoMJ/GO8=
golang.org/x/crypto v0.47.0/go.mod h1:ff3Y9VzzKbwSSEzWqJsJVBnWmRwRSHt/6Op5n9bQc4A=
golang.org/x/sys v0.40.0 h1:DBZZqJ2Rkml6QMQsZywtnjnnGvHza6BTfYFWY9kjEWQ=
golang.org/x/sys v0.40.0/go.mod h1:OgkHotnGiDImocRcuBABYBEXf8A9a87e/uXjp9XT3ks=
